
Microsoft Visual Studio Solution File, Format Version 12.00
# Visual Studio 15
VisualStudioVersion = 15.0.26430.16
MinimumVisualStudioVersion = 10.0.40219.1
Project("{8BC9CEB8-8B4A-11D0-8D11-00A0C91BC942}") = "libCommon", "libCommon\libCommon.vcxproj", "{AFAAC707-D375-49B8-845F-E6CC3B72796B}"
EndProject
Project("{8BC9CEB8-8B4A-11D0-8D11-00A0C91BC942}") = "libConfig", "libConfig\libConfig.vcxproj", "{EBA67CB0-9E29-4876-B8F7-255B639C0566}"
EndProject
Project("{8BC9CEB8-8B4A-11D0-8D11-00A0C91BC942}") = "appTrie", "appTrie\appTrie.vcxproj", "{7B917184-D317-4A6E-A1A7-B74C621FF21C}"
EndProject
Project("{8BC9CEB8-8B4A-11D0-8D11-00A0C91BC942}") = "appCppCon", "appCppCon\appCppCon.vcxproj", "{AFAF32F3-8300-41C1-B620-A5351A1DAD33}"
EndProject
Project("{FAE04EC0-301F-11D3-BF4B-00C04F79EFBC}") = "Evt.Communication", "Evt.TcpClient\Evt.Communication.csproj", "{B52AC6A0-040F-4CCA-A61B-1C56C99026E9}"
EndProject
Project("{FAE04EC0-301F-11D3-BF4B-00C04F79EFBC}") = "Tester", "Tester\Tester.csproj", "{87E0227F-8C9A-4C89-81D8-711AE0326B87}"
EndProject
Project("{FAE04EC0-301F-11D3-BF4B-00C04F79EFBC}") = "TryOutPoll", "TryOutPoll\TryOutPoll.csproj", "{EBF478CC-2B1D-4432-8C69-6775F0E2976E}"
EndProject
Project("{8BC9CEB8-8B4A-11D0-8D11-00A0C91BC942}") = "QuantLibTryout", "QuantLibTryout\QuantLibTryout.vcxproj", "{14434941-44DA-4078-88BF-4F75353FA158}"
EndProject
Global
	GlobalSection(SolutionConfigurationPlatforms) = preSolution
		Debug|Any CPU = Debug|Any CPU
		Debug|x64 = Debug|x64
		Debug|x86 = Debug|x86
		Release|Any CPU = Release|Any CPU
		Release|x64 = Release|x64
		Release|x86 = Release|x86
	EndGlobalSection
	GlobalSection(ProjectConfigurationPlatforms) = postSolution
		{AFAAC707-D375-49B8-845F-E6CC3B72796B}.Debug|Any CPU.ActiveCfg = Debug|Win32
		{AFAAC707-D375-49B8-845F-E6CC3B72796B}.Debug|x64.ActiveCfg = Debug|x64
		{AFAAC707-D375-49B8-845F-E6CC3B72796B}.Debug|x64.Build.0 = Debug|x64
		{AFAAC707-D375-49B8-845F-E6CC3B72796B}.Debug|x86.ActiveCfg = Debug|Win32
		{AFAAC707-D375-49B8-845F-E6CC3B72796B}.Debug|x86.Build.0 = Debug|Win32
		{AFAAC707-D375-49B8-845F-E6CC3B72796B}.Release|Any CPU.ActiveCfg = Release|Win32
		{AFAAC707-D375-49B8-845F-E6CC3B72796B}.Release|x64.ActiveCfg = Release|x64
		{AFAAC707-D375-49B8-845F-E6CC3B72796B}.Release|x64.Build.0 = Release|x64
		{AFAAC707-D375-49B8-845F-E6CC3B72796B}.Release|x86.ActiveCfg = Release|Win32
		{AFAAC707-D375-49B8-845F-E6CC3B72796B}.Release|x86.Build.0 = Release|Win32
		{EBA67CB0-9E29-4876-B8F7-255B639C0566}.Debug|Any CPU.ActiveCfg = Debug|Win32
		{EBA67CB0-9E29-4876-B8F7-255B639C0566}.Debug|x64.ActiveCfg = Debug|x64
		{EBA67CB0-9E29-4876-B8F7-255B639C0566}.Debug|x64.Build.0 = Debug|x64
		{EBA67CB0-9E29-4876-B8F7-255B639C0566}.Debug|x86.ActiveCfg = Debug|Win32
		{EBA67CB0-9E29-4876-B8F7-255B639C0566}.Debug|x86.Build.0 = Debug|Win32
		{EBA67CB0-9E29-4876-B8F7-255B639C0566}.Release|Any CPU.ActiveCfg = Release|Win32
		{EBA67CB0-9E29-4876-B8F7-255B639C0566}.Release|x64.ActiveCfg = Release|x64
		{EBA67CB0-9E29-4876-B8F7-255B639C0566}.Release|x64.Build.0 = Release|x64
		{EBA67CB0-9E29-4876-B8F7-255B639C0566}.Release|x86.ActiveCfg = Release|Win32
		{EBA67CB0-9E29-4876-B8F7-255B639C0566}.Release|x86.Build.0 = Release|Win32
		{7B917184-D317-4A6E-A1A7-B74C621FF21C}.Debug|Any CPU.ActiveCfg = Debug|Win32
		{7B917184-D317-4A6E-A1A7-B74C621FF21C}.Debug|x64.ActiveCfg = Debug|x64
		{7B917184-D317-4A6E-A1A7-B74C621FF21C}.Debug|x64.Build.0 = Debug|x64
		{7B917184-D317-4A6E-A1A7-B74C621FF21C}.Debug|x86.ActiveCfg = Debug|Win32
		{7B917184-D317-4A6E-A1A7-B74C621FF21C}.Debug|x86.Build.0 = Debug|Win32
		{7B917184-D317-4A6E-A1A7-B74C621FF21C}.Release|Any CPU.ActiveCfg = Release|Win32
		{7B917184-D317-4A6E-A1A7-B74C621FF21C}.Release|x64.ActiveCfg = Release|x64
		{7B917184-D317-4A6E-A1A7-B74C621FF21C}.Release|x64.Build.0 = Release|x64
		{7B917184-D317-4A6E-A1A7-B74C621FF21C}.Release|x86.ActiveCfg = Release|Win32
		{7B917184-D317-4A6E-A1A7-B74C621FF21C}.Release|x86.Build.0 = Release|Win32
		{AFAF32F3-8300-41C1-B620-A5351A1DAD33}.Debug|Any CPU.ActiveCfg = Debug|Win32
		{AFAF32F3-8300-41C1-B620-A5351A1DAD33}.Debug|x64.ActiveCfg = Debug|x64
		{AFAF32F3-8300-41C1-B620-A5351A1DAD33}.Debug|x64.Build.0 = Debug|x64
		{AFAF32F3-8300-41C1-B620-A5351A1DAD33}.Debug|x86.ActiveCfg = Debug|Win32
		{AFAF32F3-8300-41C1-B620-A5351A1DAD33}.Debug|x86.Build.0 = Debug|Win32
		{AFAF32F3-8300-41C1-B620-A5351A1DAD33}.Release|Any CPU.ActiveCfg = Release|Win32
		{AFAF32F3-8300-41C1-B620-A5351A1DAD33}.Release|x64.ActiveCfg = Release|x64
		{AFAF32F3-8300-41C1-B620-A5351A1DAD33}.Release|x64.Build.0 = Release|x64
		{AFAF32F3-8300-41C1-B620-A5351A1DAD33}.Release|x86.ActiveCfg = Release|Win32
		{AFAF32F3-8300-41C1-B620-A5351A1DAD33}.Release|x86.Build.0 = Release|Win32
		{B52AC6A0-040F-4CCA-A61B-1C56C99026E9}.Debug|Any CPU.ActiveCfg = Debug|Any CPU
		{B52AC6A0-040F-4CCA-A61B-1C56C99026E9}.Debug|Any CPU.Build.0 = Debug|Any CPU
		{B52AC6A0-040F-4CCA-A61B-1C56C99026E9}.Debug|x64.ActiveCfg = Debug|Any CPU
		{B52AC6A0-040F-4CCA-A61B-1C56C99026E9}.Debug|x64.Build.0 = Debug|Any CPU
		{B52AC6A0-040F-4CCA-A61B-1C56C99026E9}.Debug|x86.ActiveCfg = Debug|Any CPU
		{B52AC6A0-040F-4CCA-A61B-1C56C99026E9}.Debug|x86.Build.0 = Debug|Any CPU
		{B52AC6A0-040F-4CCA-A61B-1C56C99026E9}.Release|Any CPU.ActiveCfg = Release|Any CPU
		{B52AC6A0-040F-4CCA-A61B-1C56C99026E9}.Release|Any CPU.Build.0 = Release|Any CPU
		{B52AC6A0-040F-4CCA-A61B-1C56C99026E9}.Release|x64.ActiveCfg = Release|Any CPU
		{B52AC6A0-040F-4CCA-A61B-1C56C99026E9}.Release|x64.Build.0 = Release|Any CPU
		{B52AC6A0-040F-4CCA-A61B-1C56C99026E9}.Release|x86.ActiveCfg = Release|Any CPU
		{B52AC6A0-040F-4CCA-A61B-1C56C99026E9}.Release|x86.Build.0 = Release|Any CPU
		{87E0227F-8C9A-4C89-81D8-711AE0326B87}.Debug|Any CPU.ActiveCfg = Debug|Any CPU
		{87E0227F-8C9A-4C89-81D8-711AE0326B87}.Debug|Any CPU.Build.0 = Debug|Any CPU
		{87E0227F-8C9A-4C89-81D8-711AE0326B87}.Debug|x64.ActiveCfg = Debug|Any CPU
		{87E0227F-8C9A-4C89-81D8-711AE0326B87}.Debug|x64.Build.0 = Debug|Any CPU
		{87E0227F-8C9A-4C89-81D8-711AE0326B87}.Debug|x86.ActiveCfg = Debug|Any CPU
		{87E0227F-8C9A-4C89-81D8-711AE0326B87}.Debug|x86.Build.0 = Debug|Any CPU
		{87E0227F-8C9A-4C89-81D8-711AE0326B87}.Release|Any CPU.ActiveCfg = Release|Any CPU
		{87E0227F-8C9A-4C89-81D8-711AE0326B87}.Release|Any CPU.Build.0 = Release|Any CPU
		{87E0227F-8C9A-4C89-81D8-711AE0326B87}.Release|x64.ActiveCfg = Release|Any CPU
		{87E0227F-8C9A-4C89-81D8-711AE0326B87}.Release|x64.Build.0 = Release|Any CPU
		{87E0227F-8C9A-4C89-81D8-711AE0326B87}.Release|x86.ActiveCfg = Release|Any CPU
		{87E0227F-8C9A-4C89-81D8-711AE0326B87}.Release|x86.Build.0 = Release|Any CPU
		{EBF478CC-2B1D-4432-8C69-6775F0E2976E}.Debug|Any CPU.ActiveCfg = Debug|Any CPU
		{EBF478CC-2B1D-4432-8C69-6775F0E2976E}.Debug|Any CPU.Build.0 = Debug|Any CPU
		{EBF478CC-2B1D-4432-8C69-6775F0E2976E}.Debug|x64.ActiveCfg = Debug|Any CPU
		{EBF478CC-2B1D-4432-8C69-6775F0E2976E}.Debug|x64.Build.0 = Debug|Any CPU
		{EBF478CC-2B1D-4432-8C69-6775F0E2976E}.Debug|x86.ActiveCfg = Debug|Any CPU
		{EBF478CC-2B1D-4432-8C69-6775F0E2976E}.Debug|x86.Build.0 = Debug|Any CPU
		{EBF478CC-2B1D-4432-8C69-6775F0E2976E}.Release|Any CPU.ActiveCfg = Release|Any CPU
		{EBF478CC-2B1D-4432-8C69-6775F0E2976E}.Release|Any CPU.Build.0 = Release|Any CPU
		{EBF478CC-2B1D-4432-8C69-6775F0E2976E}.Release|x64.ActiveCfg = Release|Any CPU
		{EBF478CC-2B1D-4432-8C69-6775F0E2976E}.Release|x64.Build.0 = Release|Any CPU
		{EBF478CC-2B1D-4432-8C69-6775F0E2976E}.Release|x86.ActiveCfg = Release|Any CPU
		{EBF478CC-2B1D-4432-8C69-6775F0E2976E}.Release|x86.Build.0 = Release|Any CPU
		{14434941-44DA-4078-88BF-4F75353FA158}.Debug|Any CPU.ActiveCfg = Debug|Win32
		{14434941-44DA-4078-88BF-4F75353FA158}.Debug|x64.ActiveCfg = Debug|x64
		{14434941-44DA-4078-88BF-4F75353FA158}.Debug|x64.Build.0 = Debug|x64
		{14434941-44DA-4078-88BF-4F75353FA158}.Debug|x86.ActiveCfg = Debug|Win32
		{14434941-44DA-4078-88BF-4F75353FA158}.Debug|x86.Build.0 = Debug|Win32
		{14434941-44DA-4078-88BF-4F75353FA158}.Release|Any CPU.ActiveCfg = Release|Win32
		{14434941-44DA-4078-88BF-4F75353FA158}.Release|x64.ActiveCfg = Release|x64
		{14434941-44DA-4078-88BF-4F75353FA158}.Release|x64.Build.0 = Release|x64
		{14434941-44DA-4078-88BF-4F75353FA158}.Release|x86.ActiveCfg = Release|Win32
		{14434941-44DA-4078-88BF-4F75353FA158}.Release|x86.Build.0 = Release|Win32
	EndGlobalSection
	GlobalSection(SolutionProperties) = preSolution
		HideSolutionNode = FALSE
	EndGlobalSection
EndGlobal
